
Microsoft Visual Studio Solution File, Format Version 12.00
# Visual Studio Version 17
VisualStudioVersion = 17.8.34408.163
MinimumVisualStudioVersion = 10.0.40219.1
Project("{8BC9CEB8-8B4A-11D0-8D11-00A0C91BC942}") = "CP Lab 11 extra task 1", "Project35\Project35.vcxproj", "{A289DB2D-CED8-4610-8588-86986F479443}"
EndProject
Global
	GlobalSection(SolutionConfigurationPlatforms) = preSolution
		Debug|x64 = Debug|x64
		Debug|x86 = Debug|x86
		Release|x64 = Release|x64
		Release|x86 = Release|x86
	EndGlobalSection
	GlobalSection(ProjectConfigurationPlatforms) = postSolution
		{A289DB2D-CED8-4610-8588-86986F479443}.Debug|x64.ActiveCfg = Debug|x64
		{A289DB2D-CED8-4610-8588-86986F479443}.Debug|x64.Build.0 = Debug|x64
		{A289DB2D-CED8-4610-8588-86986F479443}.Debug|x86.ActiveCfg = Debug|Win32
		{A289DB2D-CED8-4610-8588-86986F479443}.Debug|x86.Build.0 = Debug|Win32
		{A289DB2D-CED8-4610-8588-86986F479443}.Release|x64.ActiveCfg = Release|x64
		{A289DB2D-CED8-4610-8588-86986F479443}.Release|x64.Build.0 = Release|x64
		{A289DB2D-CED8-4610-8588-86986F479443}.Release|x86.ActiveCfg = Release|Win32
		{A289DB2D-CED8-4610-8588-86986F479443}.Release|x86.Build.0 = Release|Win32
	EndGlobalSection
	GlobalSection(SolutionProperties) = preSolution
		HideSolutionNode = FALSE
	EndGlobalSection
	GlobalSection(ExtensibilityGlobals) = postSolution
		SolutionGuid = {1A6769D7-A306-4FBF-90B6-31B3610D1BA9}
	EndGlobalSection
EndGlobal
